
Microsoft Visual Studio Solution File, Format Version 12.00
# Visual Studio Version 16
VisualStudioVersion = 16.0.31129.286
MinimumVisualStudioVersion = 10.0.40219.1
Project("{FAE04EC0-301F-11D3-BF4B-00C04F79EFBC}") = "CSCI3321_ASPNET_FinalProject", "CSCI3321_ASPNET_FinalProject\CSCI3321_ASPNET_FinalProject.csproj", "{6852FCCC-4B7E-403A-8A40-4D9399595CE2}"
EndProject
Global
	GlobalSection(SolutionConfigurationPlatforms) = preSolution
		Debug|Any CPU = Debug|Any CPU
		Release|Any CPU = Release|Any CPU
	EndGlobalSection
	GlobalSection(ProjectConfigurationPlatforms) = postSolution
		{6852FCCC-4B7E-403A-8A40-4D9399595CE2}.Debug|Any CPU.ActiveCfg = Debug|Any CPU
		{6852FCCC-4B7E-403A-8A40-4D9399595CE2}.Debug|Any CPU.Build.0 = Debug|Any CPU
		{6852FCCC-4B7E-403A-8A40-4D9399595CE2}.Release|Any CPU.ActiveCfg = Release|Any CPU
		{6852FCCC-4B7E-403A-8A40-4D9399595CE2}.Release|Any CPU.Build.0 = Release|Any CPU
	EndGlobalSection
	GlobalSection(SolutionProperties) = preSolution
		HideSolutionNode = FALSE
	EndGlobalSection
	GlobalSection(ExtensibilityGlobals) = postSolution
		SolutionGuid = {8AF62D7F-9233-4C30-9AFA-629A0E9F2252}
	EndGlobalSection
EndGlobal
